
Microsoft Visual Studio Solution File, Format Version 12.00
# Visual Studio Version 17
VisualStudioVersion = 17.9.34701.34
MinimumVisualStudioVersion = 10.0.40219.1
Project("{FAE04EC0-301F-11D3-BF4B-00C04F79EFBC}") = "namasdev.Core", "namasdev.Core\namasdev.Core.csproj", "{C66403AD-7A66-45C6-81F3-A176AE036219}"
EndProject
Project("{FAE04EC0-301F-11D3-BF4B-00C04F79EFBC}") = "namasdev.Core.UnitTests", "namasdev.Core.UnitTests\namasdev.Core.UnitTests.csproj", "{37CDA301-8158-431B-AEF3-87535D602505}"
EndProject
Global
	GlobalSection(SolutionConfigurationPlatforms) = preSolution
		Debug|Any CPU = Debug|Any CPU
		Release|Any CPU = Release|Any CPU
	EndGlobalSection
	GlobalSection(ProjectConfigurationPlatforms) = postSolution
		{C66403AD-7A66-45C6-81F3-A176AE036219}.Debug|Any CPU.ActiveCfg = Debug|Any CPU
		{C66403AD-7A66-45C6-81F3-A176AE036219}.Debug|Any CPU.Build.0 = Debug|Any CPU
		{C66403AD-7A66-45C6-81F3-A176AE036219}.Release|Any CPU.ActiveCfg = Release|Any CPU
		{C66403AD-7A66-45C6-81F3-A176AE036219}.Release|Any CPU.Build.0 = Release|Any CPU
		{37CDA301-8158-431B-AEF3-87535D602505}.Debug|Any CPU.ActiveCfg = Debug|Any CPU
		{37CDA301-8158-431B-AEF3-87535D602505}.Debug|Any CPU.Build.0 = Debug|Any CPU
		{37CDA301-8158-431B-AEF3-87535D602505}.Release|Any CPU.ActiveCfg = Release|Any CPU
		{37CDA301-8158-431B-AEF3-87535D602505}.Release|Any CPU.Build.0 = Release|Any CPU
	EndGlobalSection
	GlobalSection(SolutionProperties) = preSolution
		HideSolutionNode = FALSE
	EndGlobalSection
	GlobalSection(ExtensibilityGlobals) = postSolution
		SolutionGuid = {9F5CC13C-B802-495D-89ED-E1C59C4F203A}
	EndGlobalSection
EndGlobal
